
Microsoft Visual Studio Solution File, Format Version 12.00
# Visual Studio Version 16
VisualStudioVersion = 16.0.32106.194
MinimumVisualStudioVersion = 10.0.40219.1
Project("{FAE04EC0-301F-11D3-BF4B-00C04F79EFBC}") = "UAS_IMELDA_202111547", "UAS_IMELDA_202111547\UAS_IMELDA_202111547.csproj", "{53C103FF-FE4D-44ED-81FF-9F108FD8D6AD}"
EndProject
Global
	GlobalSection(SolutionConfigurationPlatforms) = preSolution
		Debug|Any CPU = Debug|Any CPU
		Release|Any CPU = Release|Any CPU
	EndGlobalSection
	GlobalSection(ProjectConfigurationPlatforms) = postSolution
		{53C103FF-FE4D-44ED-81FF-9F108FD8D6AD}.Debug|Any CPU.ActiveCfg = Debug|Any CPU
		{53C103FF-FE4D-44ED-81FF-9F108FD8D6AD}.Debug|Any CPU.Build.0 = Debug|Any CPU
		{53C103FF-FE4D-44ED-81FF-9F108FD8D6AD}.Release|Any CPU.ActiveCfg = Release|Any CPU
		{53C103FF-FE4D-44ED-81FF-9F108FD8D6AD}.Release|Any CPU.Build.0 = Release|Any CPU
	EndGlobalSection
	GlobalSection(SolutionProperties) = preSolution
		HideSolutionNode = FALSE
	EndGlobalSection
	GlobalSection(ExtensibilityGlobals) = postSolution
		SolutionGuid = {4B272B5C-7052-45AE-B4F1-0C9CE54C87D1}
	EndGlobalSection
EndGlobal
